
Microsoft Visual Studio Solution File, Format Version 12.00
# Visual Studio Version 17
VisualStudioVersion = 17.14.36414.22 d17.14
MinimumVisualStudioVersion = 10.0.40219.1
Project("{2150E333-8FDC-42A3-9474-1A3956D46DE8}") = "BackEnd", "BackEnd", "{02EA681E-C7D8-13C7-8484-4AC65E1B71E8}"
EndProject
Project("{2150E333-8FDC-42A3-9474-1A3956D46DE8}") = "FrontEnd", "FrontEnd", "{775ACBF0-9F9D-4995-833F-77385EC1A17E}"
EndProject
Project("{FAE04EC0-301F-11D3-BF4B-00C04F79EFBC}") = "SIGA.Web", "SIGA.Web\SIGA.Web.csproj", "{F62D941A-9BCA-46FC-A7F4-E54CF844199E}"
EndProject
Project("{FAE04EC0-301F-11D3-BF4B-00C04F79EFBC}") = "SIGA.Domain", "SIGA.Domain\SIGA.Domain.csproj", "{78E97457-2322-4F60-85E4-1273D218A718}"
EndProject
Project("{FAE04EC0-301F-11D3-BF4B-00C04F79EFBC}") = "SIGA.Persistance", "SIGA.Persistance\SIGA.Persistance.csproj", "{7DE23FC3-84F7-4DAE-B1FB-13507E7A3C02}"
EndProject
Project("{FAE04EC0-301F-11D3-BF4B-00C04F79EFBC}") = "SIGA.Application", "SIGA.Application\SIGA.Application.csproj", "{385AEEC1-59A1-4C43-9EAF-22A42883CAF0}"
EndProject
Project("{FAE04EC0-301F-11D3-BF4B-00C04F79EFBC}") = "SIGA.Infraestructure", "SIGA.Infraestructure\SIGA.Infraestructure.csproj", "{C6CF0D79-CD8C-425F-8792-4E50E64D8B30}"
EndProject
Project("{FAE04EC0-301F-11D3-BF4B-00C04F79EFBC}") = "SIGA.Identity", "SIGA.Identity\SIGA.Identity.csproj", "{82B1223E-6D71-4591-A30F-676E8FB5F681}"
EndProject
Project("{FAE04EC0-301F-11D3-BF4B-00C04F79EFBC}") = "SIGA.Identity.Shared", "SIGA.Identity.Shared\SIGA.Identity.Shared.csproj", "{7EE8AF31-3272-4C80-A00A-BBC22E888283}"
EndProject
Project("{FAE04EC0-301F-11D3-BF4B-00C04F79EFBC}") = "SIGA.IOC", "SIGA.IOC\SIGA.IOC.csproj", "{75E2DF63-D20B-4F06-B319-80B71A19EF2F}"
EndProject
Project("{2150E333-8FDC-42A3-9474-1A3956D46DE8}") = "API", "API", "{669C8F5D-4CC6-4451-A5EB-FA022D663E1B}"
EndProject
Global
	GlobalSection(SolutionConfigurationPlatforms) = preSolution
		Debug|Any CPU = Debug|Any CPU
		Release|Any CPU = Release|Any CPU
	EndGlobalSection
	GlobalSection(ProjectConfigurationPlatforms) = postSolution
		{F62D941A-9BCA-46FC-A7F4-E54CF844199E}.Debug|Any CPU.ActiveCfg = Debug|Any CPU
		{F62D941A-9BCA-46FC-A7F4-E54CF844199E}.Debug|Any CPU.Build.0 = Debug|Any CPU
		{F62D941A-9BCA-46FC-A7F4-E54CF844199E}.Release|Any CPU.ActiveCfg = Release|Any CPU
		{F62D941A-9BCA-46FC-A7F4-E54CF844199E}.Release|Any CPU.Build.0 = Release|Any CPU
		{78E97457-2322-4F60-85E4-1273D218A718}.Debug|Any CPU.ActiveCfg = Debug|Any CPU
		{78E97457-2322-4F60-85E4-1273D218A718}.Debug|Any CPU.Build.0 = Debug|Any CPU
		{78E97457-2322-4F60-85E4-1273D218A718}.Release|Any CPU.ActiveCfg = Release|Any CPU
		{78E97457-2322-4F60-85E4-1273D218A718}.Release|Any CPU.Build.0 = Release|Any CPU
		{7DE23FC3-84F7-4DAE-B1FB-13507E7A3C02}.Debug|Any CPU.ActiveCfg = Debug|Any CPU
		{7DE23FC3-84F7-4DAE-B1FB-13507E7A3C02}.Debug|Any CPU.Build.0 = Debug|Any CPU
		{7DE23FC3-84F7-4DAE-B1FB-13507E7A3C02}.Release|Any CPU.ActiveCfg = Release|Any CPU
		{7DE23FC3-84F7-4DAE-B1FB-13507E7A3C02}.Release|Any CPU.Build.0 = Release|Any CPU
		{385AEEC1-59A1-4C43-9EAF-22A42883CAF0}.Debug|Any CPU.ActiveCfg = Debug|Any CPU
		{385AEEC1-59A1-4C43-9EAF-22A42883CAF0}.Debug|Any CPU.Build.0 = Debug|Any CPU
		{385AEEC1-59A1-4C43-9EAF-22A42883CAF0}.Release|Any CPU.ActiveCfg = Release|Any CPU
		{385AEEC1-59A1-4C43-9EAF-22A42883CAF0}.Release|Any CPU.Build.0 = Release|Any CPU
		{C6CF0D79-CD8C-425F-8792-4E50E64D8B30}.Debug|Any CPU.ActiveCfg = Debug|Any CPU
		{C6CF0D79-CD8C-425F-8792-4E50E64D8B30}.Debug|Any CPU.Build.0 = Debug|Any CPU
		{C6CF0D79-CD8C-425F-8792-4E50E64D8B30}.Release|Any CPU.ActiveCfg = Release|Any CPU
		{C6CF0D79-CD8C-425F-8792-4E50E64D8B30}.Release|Any CPU.Build.0 = Release|Any CPU
		{82B1223E-6D71-4591-A30F-676E8FB5F681}.Debug|Any CPU.ActiveCfg = Debug|Any CPU
		{82B1223E-6D71-4591-A30F-676E8FB5F681}.Debug|Any CPU.Build.0 = Debug|Any CPU
		{82B1223E-6D71-4591-A30F-676E8FB5F681}.Release|Any CPU.ActiveCfg = Release|Any CPU
		{82B1223E-6D71-4591-A30F-676E8FB5F681}.Release|Any CPU.Build.0 = Release|Any CPU
		{7EE8AF31-3272-4C80-A00A-BBC22E888283}.Debug|Any CPU.ActiveCfg = Debug|Any CPU
		{7EE8AF31-3272-4C80-A00A-BBC22E888283}.Debug|Any CPU.Build.0 = Debug|Any CPU
		{7EE8AF31-3272-4C80-A00A-BBC22E888283}.Release|Any CPU.ActiveCfg = Release|Any CPU
		{7EE8AF31-3272-4C80-A00A-BBC22E888283}.Release|Any CPU.Build.0 = Release|Any CPU
		{75E2DF63-D20B-4F06-B319-80B71A19EF2F}.Debug|Any CPU.ActiveCfg = Debug|Any CPU
		{75E2DF63-D20B-4F06-B319-80B71A19EF2F}.Debug|Any CPU.Build.0 = Debug|Any CPU
		{75E2DF63-D20B-4F06-B319-80B71A19EF2F}.Release|Any CPU.ActiveCfg = Release|Any CPU
		{75E2DF63-D20B-4F06-B319-80B71A19EF2F}.Release|Any CPU.Build.0 = Release|Any CPU
	EndGlobalSection
	GlobalSection(SolutionProperties) = preSolution
		HideSolutionNode = FALSE
	EndGlobalSection
	GlobalSection(NestedProjects) = preSolution
		{F62D941A-9BCA-46FC-A7F4-E54CF844199E} = {775ACBF0-9F9D-4995-833F-77385EC1A17E}
		{78E97457-2322-4F60-85E4-1273D218A718} = {02EA681E-C7D8-13C7-8484-4AC65E1B71E8}
		{7DE23FC3-84F7-4DAE-B1FB-13507E7A3C02} = {02EA681E-C7D8-13C7-8484-4AC65E1B71E8}
		{385AEEC1-59A1-4C43-9EAF-22A42883CAF0} = {02EA681E-C7D8-13C7-8484-4AC65E1B71E8}
		{C6CF0D79-CD8C-425F-8792-4E50E64D8B30} = {02EA681E-C7D8-13C7-8484-4AC65E1B71E8}
		{82B1223E-6D71-4591-A30F-676E8FB5F681} = {02EA681E-C7D8-13C7-8484-4AC65E1B71E8}
		{7EE8AF31-3272-4C80-A00A-BBC22E888283} = {02EA681E-C7D8-13C7-8484-4AC65E1B71E8}
		{75E2DF63-D20B-4F06-B319-80B71A19EF2F} = {02EA681E-C7D8-13C7-8484-4AC65E1B71E8}
	EndGlobalSection
	GlobalSection(ExtensibilityGlobals) = postSolution
		SolutionGuid = {783F3B12-96B2-4331-9F19-6E4FB71B1963}
	EndGlobalSection
EndGlobal
